// !$*UTF8*$!
{
	archiveVersion = 1;
	classes = {
	};
	objectVersion = 77;
	objects = {

/* Begin PBXContainerItemProxy section */
		0BD324692D7093B300C1C1EC /* PBXContainerItemProxy */ = {
			isa = PBXContainerItemProxy;
			containerPortal = 0BD3244A2D7093B100C1C1EC /* Project object */;
			proxyType = 1;
			remoteGlobalIDString = 0BD324512D7093B100C1C1EC;
			remoteInfo = StoryboardLab;
		};
		0BD324732D7093B300C1C1EC /* PBXContainerItemProxy */ = {
			isa = PBXContainerItemProxy;
			containerPortal = 0BD3244A2D7093B100C1C1EC /* Project object */;
			proxyType = 1;
			remoteGlobalIDString = 0BD324512D7093B100C1C1EC;
			remoteInfo = StoryboardLab;
		};
/* End PBXContainerItemProxy section */

/* Begin PBXFileReference section */
		0BD324522D7093B100C1C1EC /* StoryboardLab.app */ = {isa = PBXFileReference; explicitFileType = wrapper.application; includeInIndex = 0; path = StoryboardLab.app; sourceTree = BUILT_PRODUCTS_DIR; };
		0BD324682D7093B300C1C1EC /* StoryboardLabTests.xctest */ = {isa = PBXFileReference; explicitFileType = wrapper.cfbundle; includeInIndex = 0; path = StoryboardLabTests.xctest; sourceTree = BUILT_PRODUCTS_DIR; };
		0BD324722D7093B300C1C1EC /* StoryboardLabUITests.xctest */ = {isa = PBXFileReference; explicitFileType = wrapper.cfbundle; includeInIndex = 0; path = StoryboardLabUITests.xctest; sourceTree = BUILT_PRODUCTS_DIR; };
/* End PBXFileReference section */

/* Begin PBXFileSystemSynchronizedBuildFileExceptionSet section */
		0BD3247A2D7093B300C1C1EC /* Exceptions for "StoryboardLab" folder in "StoryboardLab" target */ = {
			isa = PBXFileSystemSynchronizedBuildFileExceptionSet;
			membershipExceptions = (
				Info.plist,
			);
			target = 0BD324512D7093B100C1C1EC /* StoryboardLab */;
		};
/* End PBXFileSystemSynchronizedBuildFileExceptionSet section */

/* Begin PBXFileSystemSynchronizedRootGroup section */
		0BD324542D7093B100C1C1EC /* StoryboardLab */ = {
			isa = PBXFileSystemSynchronizedRootGroup;
			exceptions = (
				0BD3247A2D7093B300C1C1EC /* Exceptions for "StoryboardLab" folder in "StoryboardLab" target */,
			);
			path = StoryboardLab;
			sourceTree = "<group>";
		};
		0BD3246B2D7093B300C1C1EC /* StoryboardLabTests */ = {
			isa = PBXFileSystemSynchronizedRootGroup;
			path = StoryboardLabTests;
			sourceTree = "<group>";
		};
		0BD324752D7093B300C1C1EC /* StoryboardLabUITests */ = {
			isa = PBXFileSystemSynchronizedRootGroup;
			path = StoryboardLabUITests;
			sourceTree = "<group>";
		};
/* End PBXFileSystemSynchronizedRootGroup section */

/* Begin PBXFrameworksBuildPhase section */
		0BD3244F2D7093B100C1C1EC /* Frameworks */ = {
			isa = PBXFrameworksBuildPhase;
			buildActionMask = 2147483647;
			files = (
			);
			runOnlyForDeploymentPostprocessing = 0;
		};
		0BD324652D7093B300C1C1EC /* Frameworks */ = {
			isa = PBXFrameworksBuildPhase;
			buildActionMask = 2147483647;
			files = (
			);
			runOnlyForDeploymentPostprocessing = 0;
		};
		0BD3246F2D7093B300C1C1EC /* Frameworks */ = {
			isa = PBXFrameworksBuildPhase;
			buildActionMask = 2147483647;
			files = (
			);
			runOnlyForDeploymentPostprocessing = 0;
		};
/* End PBXFrameworksBuildPhase section */

/* Begin PBXGroup section */
		0BD324492D7093B100C1C1EC = {
			isa = PBXGroup;
			children = (
				0BD324542D7093B100C1C1EC /* StoryboardLab */,
				0BD3246B2D7093B300C1C1EC /* StoryboardLabTests */,
				0BD324752D7093B300C1C1EC /* StoryboardLabUITests */,
				0BD324532D7093B100C1C1EC /* Products */,
			);
			sourceTree = "<group>";
		};
		0BD324532D7093B100C1C1EC /* Products */ = {
			isa = PBXGroup;
			children = (
				0BD324522D7093B100C1C1EC /* StoryboardLab.app */,
				0BD324682D7093B300C1C1EC /* StoryboardLabTests.xctest */,
				0BD324722D7093B300C1C1EC /* StoryboardLabUITests.xctest */,
			);
			name = Products;
			sourceTree = "<group>";
		};
/* End PBXGroup section */

/* Begin PBXNativeTarget section */
		0BD324512D7093B100C1C1EC /* StoryboardLab */ = {
			isa = PBXNativeTarget;
			buildConfigurationList = 0BD3247B2D7093B300C1C1EC /* Build configuration list for PBXNativeTarget "StoryboardLab" */;
			buildPhases = (
				0BD3244E2D7093B100C1C1EC /* Sources */,
				0BD3244F2D7093B100C1C1EC /* Frameworks */,
				0BD324502D7093B100C1C1EC /* Resources */,
			);
			buildRules = (
			);
			dependencies = (
			);
			fileSystemSynchronizedGroups = (
				0BD324542D7093B100C1C1EC /* StoryboardLab */,
			);
			name = StoryboardLab;
			packageProductDependencies = (
			);
			productName = StoryboardLab;
			productReference = 0BD324522D7093B100C1C1EC /* StoryboardLab.app */;
			productType = "com.apple.product-type.application";
		};
		0BD324672D7093B300C1C1EC /* StoryboardLabTests */ = {
			isa = PBXNativeTarget;
			buildConfigurationList = 0BD324802D7093B300C1C1EC /* Build configuration list for PBXNativeTarget "StoryboardLabTests" */;
			buildPhases = (
				0BD324642D7093B300C1C1EC /* Sources */,
				0BD324652D7093B300C1C1EC /* Frameworks */,
				0BD324662D7093B300C1C1EC /* Resources */,
			);
			buildRules = (
			);
			dependencies = (
				0BD3246A2D7093B300C1C1EC /* PBXTargetDependency */,
			);
			fileSystemSynchronizedGroups = (
				0BD3246B2D7093B300C1C1EC /* StoryboardLabTests */,
			);
			name = StoryboardLabTests;
			packageProductDependencies = (
			);
			productName = StoryboardLabTests;
			productReference = 0BD324682D7093B300C1C1EC /* StoryboardLabTests.xctest */;
			productType = "com.apple.product-type.bundle.unit-test";
		};
		0BD324712D7093B300C1C1EC /* StoryboardLabUITests */ = {
			isa = PBXNativeTarget;
			buildConfigurationList = 0BD324832D7093B300C1C1EC /* Build configuration list for PBXNativeTarget "StoryboardLabUITests" */;
			buildPhases = (
				0BD3246E2D7093B300C1C1EC /* Sources */,
				0BD3246F2D7093B300C1C1EC /* Frameworks */,
				0BD324702D7093B300C1C1EC /* Resources */,
			);
			buildRules = (
			);
			dependencies = (
				0BD324742D7093B300C1C1EC /* PBXTargetDependency */,
			);
			fileSystemSynchronizedGroups = (
				0BD324752D7093B300C1C1EC /* StoryboardLabUITests */,
			);
			name = StoryboardLabUITests;
			packageProductDependencies = (
			);
			productName = StoryboardLabUITests;
			productReference = 0BD324722D7093B300C1C1EC /* StoryboardLabUITests.xctest */;
			productType = "com.apple.product-type.bundle.ui-testing";
		};
/* End PBXNativeTarget section */

/* Begin PBXProject section */
		0BD3244A2D7093B100C1C1EC /* Project object */ = {
			isa = PBXProject;
			attributes = {
				BuildIndependentTargetsInParallel = 1;
				LastSwiftUpdateCheck = 1620;
				LastUpgradeCheck = 1620;
				TargetAttributes = {
					0BD324512D7093B100C1C1EC = {
						CreatedOnToolsVersion = 16.2;
					};
					0BD324672D7093B300C1C1EC = {
						CreatedOnToolsVersion = 16.2;
						TestTargetID = 0BD324512D7093B100C1C1EC;
					};
					0BD324712D7093B300C1C1EC = {
						CreatedOnToolsVersion = 16.2;
						TestTargetID = 0BD324512D7093B100C1C1EC;
					};
				};
			};
			buildConfigurationList = 0BD3244D2D7093B100C1C1EC /* Build configuration list for PBXProject "StoryboardLab" */;
			developmentRegion = en;
			hasScannedForEncodings = 0;
			knownRegions = (
				en,
				Base,
			);
			mainGroup = 0BD324492D7093B100C1C1EC;
			minimizedProjectReferenceProxies = 1;
			preferredProjectObjectVersion = 77;
			productRefGroup = 0BD324532D7093B100C1C1EC /* Products */;
			projectDirPath = "";
			projectRoot = "";
			targets = (
				0BD324512D7093B100C1C1EC /* StoryboardLab */,
				0BD324672D7093B300C1C1EC /* StoryboardLabTests */,
				0BD324712D7093B300C1C1EC /* StoryboardLabUITests */,
			);
		};
/* End PBXProject section */

/* Begin PBXResourcesBuildPhase section */
		0BD324502D7093B100C1C1EC /* Resources */ = {
			isa = PBXResourcesBuildPhase;
			buildActionMask = 2147483647;
			files = (
			);
			runOnlyForDeploymentPostprocessing = 0;
		};
		0BD324662D7093B300C1C1EC /* Resources */ = {
			isa = PBXResourcesBuildPhase;
			buildActionMask = 2147483647;
			files = (
			);
			runOnlyForDeploymentPostprocessing = 0;
		};
		0BD324702D7093B300C1C1EC /* Resources */ = {
			isa = PBXResourcesBuildPhase;
			buildActionMask = 2147483647;
			files = (
			);
			runOnlyForDeploymentPostprocessing = 0;
		};
/* End PBXResourcesBuildPhase section */

/* Begin PBXSourcesBuildPhase section */
		0BD3244E2D7093B100C1C1EC /* Sources */ = {
			isa = PBXSourcesBuildPhase;
			buildActionMask = 2147483647;
			files = (
			);
			runOnlyForDeploymentPostprocessing = 0;
		};
		0BD324642D7093B300C1C1EC /* Sources */ = {
			isa = PBXSourcesBuildPhase;
			buildActionMask = 2147483647;
			files = (
			);
			runOnlyForDeploymentPostprocessing = 0;
		};
		0BD3246E2D7093B300C1C1EC /* Sources */ = {
			isa = PBXSourcesBuildPhase;
			buildActionMask = 2147483647;
			files = (
			);
			runOnlyForDeploymentPostprocessing = 0;
		};
/* End PBXSourcesBuildPhase section */

/* Begin PBXTargetDependency section */
		0BD3246A2D7093B300C1C1EC /* PBXTargetDependency */ = {
			isa = PBXTargetDependency;
			target = 0BD324512D7093B100C1C1EC /* StoryboardLab */;
			targetProxy = 0BD324692D7093B300C1C1EC /* PBXContainerItemProxy */;
		};
		0BD324742D7093B300C1C1EC /* PBXTargetDependency */ = {
			isa = PBXTargetDependency;
			target = 0BD324512D7093B100C1C1EC /* StoryboardLab */;
			targetProxy = 0BD324732D7093B300C1C1EC /* PBXContainerItemProxy */;
		};
/* End PBXTargetDependency section */

/* Begin XCBuildConfiguration section */
		0BD3247C2D7093B300C1C1EC /* Debug */ = {
			isa = XCBuildConfiguration;
			buildSettings = {
				ASSETCATALOG_COMPILER_APPICON_NAME = AppIcon;
				ASSETCATALOG_COMPILER_GLOBAL_ACCENT_COLOR_NAME = AccentColor;
				CODE_SIGN_STYLE = Automatic;
				CURRENT_PROJECT_VERSION = 1;
				GENERATE_INFOPLIST_FILE = YES;
				INFOPLIST_FILE = StoryboardLab/Info.plist;
				INFOPLIST_KEY_UIApplicationSupportsIndirectInputEvents = YES;
				INFOPLIST_KEY_UILaunchStoryboardName = LaunchScreen;
				INFOPLIST_KEY_UIMainStoryboardFile = Main;
				INFOPLIST_KEY_UISupportedInterfaceOrientations_iPad = "UIInterfaceOrientationPortrait UIInterfaceOrientationPortraitUpsideDown UIInterfaceOrientationLandscapeLeft UIInterfaceOrientationLandscapeRight";
				INFOPLIST_KEY_UISupportedInterfaceOrientations_iPhone = "UIInterfaceOrientationPortrait UIInterfaceOrientationLandscapeLeft UIInterfaceOrientationLandscapeRight";
				LD_RUNPATH_SEARCH_PATHS = (
					"$(inherited)",
					"@executable_path/Frameworks",
				);
				MARKETING_VERSION = 1.0;
				PRODUCT_BUNDLE_IDENTIFIER = dev.dasstechsolutions.StoryboardLab;
				PRODUCT_NAME = "$(TARGET_NAME)";
				SWIFT_EMIT_LOC_STRINGS = YES;
				SWIFT_VERSION = 5.0;
				TARGETED_DEVICE_FAMILY = "1,2";
			};
			name = Debug;
		};
		0BD3247D2D7093B300C1C1EC /* Release */ = {
			isa = XCBuildConfiguration;
			buildSettings = {
				ASSETCATALOG_COMPILER_APPICON_NAME = AppIcon;
				ASSETCATALOG_COMPILER_GLOBAL_ACCENT_COLOR_NAME = AccentColor;
				CODE_SIGN_STYLE = Automatic;
				CURRENT_PROJECT_VERSION = 1;
				GENERATE_INFOPLIST_FILE = YES;
				INFOPLIST_FILE = StoryboardLab/Info.plist;
				INFOPLIST_KEY_UIApplicationSupportsIndirectInputEvents = YES;
				INFOPLIST_KEY_UILaunchStoryboardName = LaunchScreen;
				INFOPLIST_KEY_UIMainStoryboardFile = Main;
				INFOPLIST_KEY_UISupportedInterfaceOrientations_iPad = "UIInterfaceOrientationPortrait UIInterfaceOrientationPortraitUpsideDown UIInterfaceOrientationLandscapeLeft UIInterfaceOrientationLandscapeRight";
				INFOPLIST_KEY_UISupportedInterfaceOrientations_iPhone = "UIInterfaceOrientationPortrait UIInterfaceOrientationLandscapeLeft UIInterfaceOrientationLandscapeRight";
				LD_RUNPATH_SEARCH_PATHS = (
					"$(inherited)",
					"@executable_path/Frameworks",
				);
				MARKETING_VERSION = 1.0;
				PRODUCT_BUNDLE_IDENTIFIER = dev.dasstechsolutions.StoryboardLab;
				PRODUCT_NAME = "$(TARGET_NAME)";
				SWIFT_EMIT_LOC_STRINGS = YES;
				SWIFT_VERSION = 5.0;
				TARGETED_DEVICE_FAMILY = "1,2";
			};
			name = Release;
		};
		0BD3247E2D7093B300C1C1EC /* Debug */ = {
			isa = XCBuildConfiguration;
			buildSettings = {
				ALWAYS_SEARCH_USER_PATHS = NO;
				ASSETCATALOG_COMPILER_GENERATE_SWIFT_ASSET_SYMBOL_EXTENSIONS = YES;
				CLANG_ANALYZER_NONNULL = YES;
				CLANG_ANALYZER_NUMBER_OBJECT_CONVERSION = YES_AGGRESSIVE;
				CLANG_CXX_LANGUAGE_STANDARD = "gnu++20";
				CLANG_ENABLE_MODULES = YES;
				CLANG_ENABLE_OBJC_ARC = YES;
				CLANG_ENABLE_OBJC_WEAK = YES;
				CLANG_WARN_BLOCK_CAPTURE_AUTORELEASING = YES;
				CLANG_WARN_BOOL_CONVERSION = YES;
				CLANG_WARN_COMMA = YES;
				CLANG_WARN_CONSTANT_CONVERSION = YES;
				CLANG_WARN_DEPRECATED_OBJC_IMPLEMENTATIONS = YES;
				CLANG_WARN_DIRECT_OBJC_ISA_USAGE = YES_ERROR;
				CLANG_WARN_DOCUMENTATION_COMMENTS = YES;
				CLANG_WARN_EMPTY_BODY = YES;
				CLANG_WARN_ENUM_CONVERSION = YES;
				CLANG_WARN_INFINITE_RECURSION = YES;
				CLANG_WARN_INT_CONVERSION = YES;
				CLANG_WARN_NON_LITERAL_NULL_CONVERSION = YES;
				CLANG_WARN_OBJC_IMPLICIT_RETAIN_SELF = YES;
				CLANG_WARN_OBJC_LITERAL_CONVERSION = YES;
				CLANG_WARN_OBJC_ROOT_CLASS = YES_ERROR;
				CLANG_WARN_QUOTED_INCLUDE_IN_FRAMEWORK_HEADER = YES;
				CLANG_WARN_RANGE_LOOP_ANALYSIS = YES;
				CLANG_WARN_STRICT_PROTOTYPES = YES;
				CLANG_WARN_SUSPICIOUS_MOVE = YES;
				CLANG_WARN_UNGUARDED_AVAILABILITY = YES_AGGRESSIVE;
				CLANG_WARN_UNREACHABLE_CODE = YES;
				CLANG_WARN__DUPLICATE_METHOD_MATCH = YES;
				COPY_PHASE_STRIP = NO;
				DEBUG_INFORMATION_FORMAT = dwarf;
				ENABLE_STRICT_OBJC_MSGSEND = YES;
				ENABLE_TESTABILITY = YES;
				ENABLE_USER_SCRIPT_SANDBOXING = YES;
				GCC_C_LANGUAGE_STANDARD = gnu17;
				GCC_DYNAMIC_NO_PIC = NO;
				GCC_NO_COMMON_BLOCKS = YES;
				GCC_OPTIMIZATION_LEVEL = 0;
				GCC_PREPROCESSOR_DEFINITIONS = (
					"DEBUG=1",
					"$(inherited)",
				);
				GCC_WARN_64_TO_32_BIT_CONVERSION = YES;
				GCC_WARN_ABOUT_RETURN_TYPE = YES_ERROR;
				GCC_WARN_UNDECLARED_SELECTOR = YES;
				GCC_WARN_UNINITIALIZED_AUTOS = YES_AGGRESSIVE;
				GCC_WARN_UNUSED_FUNCTION = YES;
				GCC_WARN_UNUSED_VARIABLE = YES;
				IPHONEOS_DEPLOYMENT_TARGET = 18.2;
				LOCALIZATION_PREFERS_STRING_CATALOGS = YES;
				MTL_ENABLE_DEBUG_INFO = INCLUDE_SOURCE;
				MTL_FAST_MATH = YES;
				ONLY_ACTIVE_ARCH = YES;
				SDKROOT = iphoneos;
				SWIFT_ACTIVE_COMPILATION_CONDITIONS = "DEBUG $(inherited)";
				SWIFT_OPTIMIZATION_LEVEL = "-Onone";
			};
			name = Debug;
		};
		0BD3247F2D7093B300C1C1EC /* Release */ = {
			isa = XCBuildConfiguration;
			buildSettings = {
				ALWAYS_SEARCH_USER_PATHS = NO;
				ASSETCATALOG_COMPILER_GENERATE_SWIFT_ASSET_SYMBOL_EXTENSIONS = YES;
				CLANG_ANALYZER_NONNULL = YES;
				CLANG_ANALYZER_NUMBER_OBJECT_CONVERSION = YES_AGGRESSIVE;
				CLANG_CXX_LANGUAGE_STANDARD = "gnu++20";
				CLANG_ENABLE_MODULES = YES;
				CLANG_ENABLE_OBJC_ARC = YES;
				CLANG_ENABLE_OBJC_WEAK = YES;
				CLANG_WARN_BLOCK_CAPTURE_AUTORELEASING = YES;
				CLANG_WARN_BOOL_CONVERSION = YES;
				CLANG_WARN_COMMA = YES;
				CLANG_WARN_CONSTANT_CONVERSION = YES;
				CLANG_WARN_DEPRECATED_OBJC_IMPLEMENTATIONS = YES;
				CLANG_WARN_DIRECT_OBJC_ISA_USAGE = YES_ERROR;
				CLANG_WARN_DOCUMENTATION_COMMENTS = YES;
				CLANG_WARN_EMPTY_BODY = YES;
				CLANG_WARN_ENUM_CONVERSION = YES;
				CLANG_WARN_INFINITE_RECURSION = YES;
				CLANG_WARN_INT_CONVERSION = YES;
				CLANG_WARN_NON_LITERAL_NULL_CONVERSION = YES;
				CLANG_WARN_OBJC_IMPLICIT_RETAIN_SELF = YES;
				CLANG_WARN_OBJC_LITERAL_CONVERSION = YES;
				CLANG_WARN_OBJC_ROOT_CLASS = YES_ERROR;
				CLANG_WARN_QUOTED_INCLUDE_IN_FRAMEWORK_HEADER = YES;
				CLANG_WARN_RANGE_LOOP_ANALYSIS = YES;
				CLANG_WARN_STRICT_PROTOTYPES = YES;
				CLANG_WARN_SUSPICIOUS_MOVE = YES;
				CLANG_WARN_UNGUARDED_AVAILABILITY = YES_AGGRESSIVE;
				CLANG_WARN_UNREACHABLE_CODE = YES;
				CLANG_WARN__DUPLICATE_METHOD_MATCH = YES;
				COPY_PHASE_STRIP = NO;
				DEBUG_INFORMATION_FORMAT = "dwarf-with-dsym";
				ENABLE_NS_ASSERTIONS = NO;
				ENABLE_STRICT_OBJC_MSGSEND = YES;
				ENABLE_USER_SCRIPT_SANDBOXING = YES;
				GCC_C_LANGUAGE_STANDARD = gnu17;
				GCC_NO_COMMON_BLOCKS = YES;
				GCC_WARN_64_TO_32_BIT_CONVERSION = YES;
				GCC_WARN_ABOUT_RETURN_TYPE = YES_ERROR;
				GCC_WARN_UNDECLARED_SELECTOR = YES;
				GCC_WARN_UNINITIALIZED_AUTOS = YES_AGGRESSIVE;
				GCC_WARN_UNUSED_FUNCTION = YES;
				GCC_WARN_UNUSED_VARIABLE = YES;
				IPHONEOS_DEPLOYMENT_TARGET = 18.2;
				LOCALIZATION_PREFERS_STRING_CATALOGS = YES;
				MTL_ENABLE_DEBUG_INFO = NO;
				MTL_FAST_MATH = YES;
				SDKROOT = iphoneos;
				SWIFT_COMPILATION_MODE = wholemodule;
				VALIDATE_PRODUCT = YES;
			};
			name = Release;
		};
		0BD324812D7093B300C1C1EC /* Debug */ = {
			isa = XCBuildConfiguration;
			buildSettings = {
				BUNDLE_LOADER = "$(TEST_HOST)";
				CODE_SIGN_STYLE = Automatic;
				CURRENT_PROJECT_VERSION = 1;
				GENERATE_INFOPLIST_FILE = YES;
				IPHONEOS_DEPLOYMENT_TARGET = 18.2;
				MARKETING_VERSION = 1.0;
				PRODUCT_BUNDLE_IDENTIFIER = dev.dasstechsolutions.StoryboardLabTests;
				PRODUCT_NAME = "$(TARGET_NAME)";
				SWIFT_EMIT_LOC_STRINGS = NO;
				SWIFT_VERSION = 5.0;
				TARGETED_DEVICE_FAMILY = "1,2";
				TEST_HOST = "$(BUILT_PRODUCTS_DIR)/StoryboardLab.app/$(BUNDLE_EXECUTABLE_FOLDER_PATH)/StoryboardLab";
			};
			name = Debug;
		};
		0BD324822D7093B300C1C1EC /* Release */ = {
			isa = XCBuildConfiguration;
			buildSettings = {
				BUNDLE_LOADER = "$(TEST_HOST)";
				CODE_SIGN_STYLE = Automatic;
				CURRENT_PROJECT_VERSION = 1;
				GENERATE_INFOPLIST_FILE = YES;
				IPHONEOS_DEPLOYMENT_TARGET = 18.2;
				MARKETING_VERSION = 1.0;
				PRODUCT_BUNDLE_IDENTIFIER = dev.dasstechsolutions.StoryboardLabTests;
				PRODUCT_NAME = "$(TARGET_NAME)";
				SWIFT_EMIT_LOC_STRINGS = NO;
				SWIFT_VERSION = 5.0;
				TARGETED_DEVICE_FAMILY = "1,2";
				TEST_HOST = "$(BUILT_PRODUCTS_DIR)/StoryboardLab.app/$(BUNDLE_EXECUTABLE_FOLDER_PATH)/StoryboardLab";
			};
			name = Release;
		};
		0BD324842D7093B300C1C1EC /* Debug */ = {
			isa = XCBuildConfiguration;
			buildSettings = {
				CODE_SIGN_STYLE = Automatic;
				CURRENT_PROJECT_VERSION = 1;
				GENERATE_INFOPLIST_FILE = YES;
				MARKETING_VERSION = 1.0;
				PRODUCT_BUNDLE_IDENTIFIER = dev.dasstechsolutions.StoryboardLabUITests;
				PRODUCT_NAME = "$(TARGET_NAME)";
				SWIFT_EMIT_LOC_STRINGS = NO;
				SWIFT_VERSION = 5.0;
				TARGETED_DEVICE_FAMILY = "1,2";
				TEST_TARGET_NAME = StoryboardLab;
			};
			name = Debug;
		};
		0BD324852D7093B300C1C1EC /* Release */ = {
			isa = XCBuildConfiguration;
			buildSettings = {
				CODE_SIGN_STYLE = Automatic;
				CURRENT_PROJECT_VERSION = 1;
				GENERATE_INFOPLIST_FILE = YES;
				MARKETING_VERSION = 1.0;
				PRODUCT_BUNDLE_IDENTIFIER = dev.dasstechsolutions.StoryboardLabUITests;
				PRODUCT_NAME = "$(TARGET_NAME)";
				SWIFT_EMIT_LOC_STRINGS = NO;
				SWIFT_VERSION = 5.0;
				TARGETED_DEVICE_FAMILY = "1,2";
				TEST_TARGET_NAME = StoryboardLab;
			};
			name = Release;
		};
/* End XCBuildConfiguration section */

/* Begin XCConfigurationList section */
		0BD3244D2D7093B100C1C1EC /* Build configuration list for PBXProject "StoryboardLab" */ = {
			isa = XCConfigurationList;
			buildConfigurations = (
				0BD3247E2D7093B300C1C1EC /* Debug */,
				0BD3247F2D7093B300C1C1EC /* Release */,
			);
			defaultConfigurationIsVisible = 0;
			defaultConfigurationName = Release;
		};
		0BD3247B2D7093B300C1C1EC /* Build configuration list for PBXNativeTarget "StoryboardLab" */ = {
			isa = XCConfigurationList;
			buildConfigurations = (
				0BD3247C2D7093B300C1C1EC /* Debug */,
				0BD3247D2D7093B300C1C1EC /* Release */,
			);
			defaultConfigurationIsVisible = 0;
			defaultConfigurationName = Release;
		};
		0BD324802D7093B300C1C1EC /* Build configuration list for PBXNativeTarget "StoryboardLabTests" */ = {
			isa = XCConfigurationList;
			buildConfigurations = (
				0BD324812D7093B300C1C1EC /* Debug */,
				0BD324822D7093B300C1C1EC /* Release */,
			);
			defaultConfigurationIsVisible = 0;
			defaultConfigurationName = Release;
		};
		0BD324832D7093B300C1C1EC /* Build configuration list for PBXNativeTarget "StoryboardLabUITests" */ = {
			isa = XCConfigurationList;
			buildConfigurations = (
				0BD324842D7093B300C1C1EC /* Debug */,
				0BD324852D7093B300C1C1EC /* Release */,
			);
			defaultConfigurationIsVisible = 0;
			defaultConfigurationName = Release;
		};
/* End XCConfigurationList section */
	};
	rootObject = 0BD3244A2D7093B100C1C1EC /* Project object */;
}
